
Microsoft Visual Studio Solution File, Format Version 12.00
# Visual Studio Version 16
VisualStudioVersion = 16.0.31205.134
MinimumVisualStudioVersion = 10.0.40219.1
Project("{9A19103F-16F7-4668-BE54-9A1E7A4F7556}") = "MailSender", "MailSender\MailSender.csproj", "{80C04F37-B775-4DF4-B2E4-8A133B27DF4B}"
EndProject
Project("{2150E333-8FDC-42A3-9474-1A3956D46DE8}") = "Tests", "Tests", "{7593BBE2-15B5-48EC-934A-F6A2B5A37F35}"
EndProject
Project("{9A19103F-16F7-4668-BE54-9A1E7A4F7556}") = "TestConsole", "Tests\TestConsole\TestConsole.csproj", "{3458BA45-F5C6-476C-9666-3EB779635C21}"
EndProject
Project("{9A19103F-16F7-4668-BE54-9A1E7A4F7556}") = "TestWpf", "Tests\TestWpf\TestWpf.csproj", "{0E8F5545-A53F-464A-84EA-7E59C55B4691}"
EndProject
Project("{FAE04EC0-301F-11D3-BF4B-00C04F79EFBC}") = "MailSender.lib", "MailSender.lib\MailSender.lib.csproj", "{718DD978-8398-4E93-AB6C-4F3F6532932E}"
EndProject
Global
	GlobalSection(SolutionConfigurationPlatforms) = preSolution
		Debug|Any CPU = Debug|Any CPU
		Release|Any CPU = Release|Any CPU
	EndGlobalSection
	GlobalSection(ProjectConfigurationPlatforms) = postSolution
		{80C04F37-B775-4DF4-B2E4-8A133B27DF4B}.Debug|Any CPU.ActiveCfg = Debug|Any CPU
		{80C04F37-B775-4DF4-B2E4-8A133B27DF4B}.Debug|Any CPU.Build.0 = Debug|Any CPU
		{80C04F37-B775-4DF4-B2E4-8A133B27DF4B}.Release|Any CPU.ActiveCfg = Release|Any CPU
		{80C04F37-B775-4DF4-B2E4-8A133B27DF4B}.Release|Any CPU.Build.0 = Release|Any CPU
		{3458BA45-F5C6-476C-9666-3EB779635C21}.Debug|Any CPU.ActiveCfg = Debug|Any CPU
		{3458BA45-F5C6-476C-9666-3EB779635C21}.Debug|Any CPU.Build.0 = Debug|Any CPU
		{3458BA45-F5C6-476C-9666-3EB779635C21}.Release|Any CPU.ActiveCfg = Release|Any CPU
		{3458BA45-F5C6-476C-9666-3EB779635C21}.Release|Any CPU.Build.0 = Release|Any CPU
		{0E8F5545-A53F-464A-84EA-7E59C55B4691}.Debug|Any CPU.ActiveCfg = Debug|Any CPU
		{0E8F5545-A53F-464A-84EA-7E59C55B4691}.Debug|Any CPU.Build.0 = Debug|Any CPU
		{0E8F5545-A53F-464A-84EA-7E59C55B4691}.Release|Any CPU.ActiveCfg = Release|Any CPU
		{0E8F5545-A53F-464A-84EA-7E59C55B4691}.Release|Any CPU.Build.0 = Release|Any CPU
		{718DD978-8398-4E93-AB6C-4F3F6532932E}.Debug|Any CPU.ActiveCfg = Debug|Any CPU
		{718DD978-8398-4E93-AB6C-4F3F6532932E}.Debug|Any CPU.Build.0 = Debug|Any CPU
		{718DD978-8398-4E93-AB6C-4F3F6532932E}.Release|Any CPU.ActiveCfg = Release|Any CPU
		{718DD978-8398-4E93-AB6C-4F3F6532932E}.Release|Any CPU.Build.0 = Release|Any CPU
	EndGlobalSection
	GlobalSection(SolutionProperties) = preSolution
		HideSolutionNode = FALSE
	EndGlobalSection
	GlobalSection(NestedProjects) = preSolution
		{3458BA45-F5C6-476C-9666-3EB779635C21} = {7593BBE2-15B5-48EC-934A-F6A2B5A37F35}
		{0E8F5545-A53F-464A-84EA-7E59C55B4691} = {7593BBE2-15B5-48EC-934A-F6A2B5A37F35}
	EndGlobalSection
	GlobalSection(ExtensibilityGlobals) = postSolution
		SolutionGuid = {D2644B6F-14B9-4916-95D7-FED72E9B293F}
	EndGlobalSection
EndGlobal
